PODS:
  - Protobuf (3.6.1)
  - ZipArchive (1.4.0)

DEPENDENCIES:
  - Protobuf (~> 3.4)
  - ZipArchive

SPEC REPOS:
  trunk:
    - Protobuf
    - ZipArchive

SPEC CHECKSUMS:
  Protobuf: 1eb9700044745f00181c136ef21b8ff3ad5a0fd5
  ZipArchive: e25a4373192673e3229ac8d6e9f64a3e5713c966

PODFILE CHECKSUM: 98e2ad10c0715bd605637bf26de5cd4dd3ffc0f0

COCOAPODS: 1.16.2
